
Microsoft Visual Studio Solution File, Format Version 9.00
# Visual Studio 2005
Project("{FAE04EC0-301F-11D3-BF4B-00C04F79EFBC}") = "Validation", "Validation.csproj", "{CE7E27F0-084B-4624-A672-81A99E08857D}"
EndProject
Project("{FAE04EC0-301F-11D3-BF4B-00C04F79EFBC}") = "BusinessObjects", "BusinessObjects\BusinessObjects.csproj", "{A6BDBE7B-EAD4-4EC3-AD1E-1A45EA3AD288}"
EndProject
Global
	GlobalSection(SolutionConfigurationPlatforms) = preSolution
		Debug|Any CPU = Debug|Any CPU
		Release|Any CPU = Release|Any CPU
	EndGlobalSection
	GlobalSection(ProjectConfigurationPlatforms) = postSolution
		{CE7E27F0-084B-4624-A672-81A99E08857D}.Debug|Any CPU.ActiveCfg = Debug|Any CPU
		{CE7E27F0-084B-4624-A672-81A99E08857D}.Debug|Any CPU.Build.0 = Debug|Any CPU
		{CE7E27F0-084B-4624-A672-81A99E08857D}.Release|Any CPU.ActiveCfg = Release|Any CPU
		{CE7E27F0-084B-4624-A672-81A99E08857D}.Release|Any CPU.Build.0 = Release|Any CPU
		{A6BDBE7B-EAD4-4EC3-AD1E-1A45EA3AD288}.Debug|Any CPU.ActiveCfg = Debug|Any CPU
		{A6BDBE7B-EAD4-4EC3-AD1E-1A45EA3AD288}.Debug|Any CPU.Build.0 = Debug|Any CPU
		{A6BDBE7B-EAD4-4EC3-AD1E-1A45EA3AD288}.Release|Any CPU.ActiveCfg = Release|Any CPU
		{A6BDBE7B-EAD4-4EC3-AD1E-1A45EA3AD288}.Release|Any CPU.Build.0 = Release|Any CPU
	EndGlobalSection
	GlobalSection(SolutionProperties) = preSolution
		HideSolutionNode = FALSE
	EndGlobalSection
EndGlobal
